PODS:
  - AppAuth (1.7.6):
    - AppAuth/Core (= 1.7.6)
    - AppAuth/ExternalUserAgent (= 1.7.6)
  - AppAuth/Core (1.7.6)
  - AppAuth/ExternalUserAgent (1.7.6):
    - AppAuth/Core
  - AppCheckCore (11.2.0):
    - GoogleUtilities/Environment (~> 8.0)
    - GoogleUtilities/UserDefaults (~> 8.0)
    - PromisesObjC (~> 2.4)
  - appinio_social_share (0.0.1):
    - FBSDKCoreKit (= 17.0.2)
    - FBSDKShareKit (= 17.0.2)
    - Flutter
  - cloud_firestore (6.1.0):
    - Firebase/Firestore (= 12.4.0)
    - firebase_core
    - Flutter
  - FBAEMKit (17.0.2):
    - FBSDKCoreKit_Basics (= 17.0.2)
  - FBSDKCoreKit (17.0.2):
    - FBAEMKit (= 17.0.2)
    - FBSDKCoreKit_Basics (= 17.0.2)
  - FBSDKCoreKit_Basics (17.0.2)
  - FBSDKShareKit (17.0.2):
    - FBSDKCoreKit (= 17.0.2)
  - Firebase/Auth (12.4.0):
    - Firebase/CoreOnly
    - FirebaseAuth (~> 12.4.0)
  - Firebase/CoreOnly (12.4.0):
    - FirebaseCore (~> 12.4.0)
  - Firebase/Firestore (12.4.0):
    - Firebase/CoreOnly
    - FirebaseFirestore (~> 12.4.0)
  - firebase_auth (6.1.2):
    - Firebase/Auth (= 12.4.0)
    - firebase_core
    - Flutter
  - firebase_core (4.2.1):
    - Firebase/CoreOnly (= 12.4.0)
    - Flutter
  - FirebaseAppCheckInterop (12.4.0)
  - FirebaseAuth (12.4.0):
    - FirebaseAppCheckInterop (~> 12.4.0)
    - FirebaseAuthInterop (~> 12.4.0)
    - FirebaseCore (~> 12.4.0)
    - FirebaseCoreExtension (~> 12.4.0)
    - GoogleUtilities/AppDelegateSwizzler (~> 8.1)
    - GoogleUtilities/Environment (~> 8.1)
    - GTMSessionFetcher/Core (< 6.0, >= 3.4)
    - RecaptchaInterop (~> 101.0)
  - FirebaseAuthInterop (12.4.0)
  - FirebaseCore (12.4.0):
    - FirebaseCoreInternal (~> 12.4.0)
    - GoogleUtilities/Environment (~> 8.1)
    - GoogleUtilities/Logger (~> 8.1)
  - FirebaseCoreExtension (12.4.0):
    - FirebaseCore (~> 12.4.0)
  - FirebaseCoreInternal (12.4.0):
    - "GoogleUtilities/NSData+zlib (~> 8.1)"
  - FirebaseFirestore (12.4.0):
    - FirebaseFirestoreBinary (= 12.4.0)
  - FirebaseFirestoreAbseilBinary (1.2024072200.0)
  - FirebaseFirestoreBinary (12.4.0):
    - FirebaseCore (= 12.4.0)
    - FirebaseCoreExtension (= 12.4.0)
    - FirebaseFirestoreInternalBinary (= 12.4.0)
    - FirebaseSharedSwift (= 12.4.0)
  - FirebaseFirestoreGRPCBoringSSLBinary (1.69.0)
  - FirebaseFirestoreGRPCCoreBinary (1.69.0):
    - FirebaseFirestoreAbseilBinary (= 1.2024072200.0)
    - FirebaseFirestoreGRPCBoringSSLBinary (= 1.69.0)
  - FirebaseFirestoreGRPCCPPBinary (1.69.0):
    - FirebaseFirestoreAbseilBinary (= 1.2024072200.0)
    - FirebaseFirestoreGRPCCoreBinary (= 1.69.0)
  - FirebaseFirestoreInternalBinary (12.4.0):
    - FirebaseCore (= 12.4.0)
    - FirebaseFirestoreAbseilBinary (= 1.2024072200.0)
    - FirebaseFirestoreGRPCCPPBinary (= 1.69.0)
    - leveldb-library (~> 1.22)
    - nanopb (~> 3.30910.0)
  - FirebaseSharedSwift (12.4.0)
  - Flutter (1.0.0)
  - flutter_local_notifications (0.0.1):
    - Flutter
  - flutter_secure_storage (6.0.0):
    - Flutter
  - gal (1.0.0):
    - Flutter
    - FlutterMacOS
  - google_sign_in_ios (0.0.1):
    - AppAuth (>= 1.7.4)
    - Flutter
    - FlutterMacOS
    - GoogleSignIn (~> 8.0)
    - GTMSessionFetcher (>= 3.4.0)
  - GoogleSignIn (8.0.0):
    - AppAuth (< 2.0, >= 1.7.3)
    - AppCheckCore (~> 11.0)
    - GTMAppAuth (< 5.0, >= 4.1.1)
    - GTMSessionFetcher/Core (~> 3.3)
  - GoogleUtilities/AppDelegateSwizzler (8.1.0):
    - GoogleUtilities/Environment
    - GoogleUtilities/Logger
    - GoogleUtilities/Network
    - GoogleUtilities/Privacy
  - GoogleUtilities/Environment (8.1.0):
    - GoogleUtilities/Privacy
  - GoogleUtilities/Logger (8.1.0):
    - GoogleUtilities/Environment
    - GoogleUtilities/Privacy
  - GoogleUtilities/Network (8.1.0):
    - GoogleUtilities/Logger
    - "GoogleUtilities/NSData+zlib"
    - GoogleUtilities/Privacy
    - GoogleUtilities/Reachability
  - "GoogleUtilities/NSData+zlib (8.1.0)":
    - GoogleUtilities/Privacy
  - GoogleUtilities/Privacy (8.1.0)
  - GoogleUtilities/Reachability (8.1.0):
    - GoogleUtilities/Logger
    - GoogleUtilities/Privacy
  - GoogleUtilities/UserDefaults (8.1.0):
    - GoogleUtilities/Logger
    - GoogleUtilities/Privacy
  - GTMAppAuth (4.1.1):
    - AppAuth/Core (~> 1.7)
    - GTMSessionFetcher/Core (< 4.0, >= 3.3)
  - GTMSessionFetcher (3.5.0):
    - GTMSessionFetcher/Full (= 3.5.0)
  - GTMSessionFetcher/Core (3.5.0)
  - GTMSessionFetcher/Full (3.5.0):
    - GTMSessionFetcher/Core
  - kakao_flutter_sdk_common (1.10.0):
    - Flutter
  - leveldb-library (1.22.6)
  - nanopb (3.30910.0):
    - nanopb/decode (= 3.30910.0)
    - nanopb/encode (= 3.30910.0)
  - nanopb/decode (3.30910.0)
  - nanopb/encode (3.30910.0)
  - path_provider_foundation (0.0.1):
    - Flutter
    - FlutterMacOS
  - PromisesObjC (2.4.0)
  - RecaptchaInterop (101.0.0)
  - share_plus (0.0.1):
    - Flutter
  - shared_preferences_foundation (0.0.1):
    - Flutter
    - FlutterMacOS
  - sign_in_with_apple (0.0.1):
    - Flutter
  - webview_flutter_wkwebview (0.0.1):
    - Flutter
    - FlutterMacOS

DEPENDENCIES:
  - appinio_social_share (from `.symlinks/plugins/appinio_social_share/ios`)
  - cloud_firestore (from `.symlinks/plugins/cloud_firestore/ios`)
  - firebase_auth (from `.symlinks/plugins/firebase_auth/ios`)
  - firebase_core (from `.symlinks/plugins/firebase_core/ios`)
  - FirebaseFirestore (from `https://github.com/invertase/firestore-ios-sdk-frameworks.git`, tag `12.4.0`)
  - Flutter (from `Flutter`)
  - flutter_local_notifications (from `.symlinks/plugins/flutter_local_notifications/ios`)
  - flutter_secure_storage (from `.symlinks/plugins/flutter_secure_storage/ios`)
  - gal (from `.symlinks/plugins/gal/darwin`)
  - google_sign_in_ios (from `.symlinks/plugins/google_sign_in_ios/darwin`)
  - kakao_flutter_sdk_common (from `.symlinks/plugins/kakao_flutter_sdk_common/ios`)
  - path_provider_foundation (from `.symlinks/plugins/path_provider_foundation/darwin`)
  - share_plus (from `.symlinks/plugins/share_plus/ios`)
  - shared_preferences_foundation (from `.symlinks/plugins/shared_preferences_foundation/darwin`)
  - sign_in_with_apple (from `.symlinks/plugins/sign_in_with_apple/ios`)
  - webview_flutter_wkwebview (from `.symlinks/plugins/webview_flutter_wkwebview/darwin`)

SPEC REPOS:
  trunk:
    - AppAuth
    - AppCheckCore
    - FBAEMKit
    - FBSDKCoreKit
    - FBSDKCoreKit_Basics
    - FBSDKShareKit
    - Firebase
    - FirebaseAppCheckInterop
    - FirebaseAuth
    - FirebaseAuthInterop
    - FirebaseCore
    - FirebaseCoreExtension
    - FirebaseCoreInternal
    - FirebaseFirestoreAbseilBinary
    - FirebaseFirestoreBinary
    - FirebaseFirestoreGRPCBoringSSLBinary
    - FirebaseFirestoreGRPCCoreBinary
    - FirebaseFirestoreGRPCCPPBinary
    - FirebaseFirestoreInternalBinary
    - FirebaseSharedSwift
    - GoogleSignIn
    - GoogleUtilities
    - GTMAppAuth
    - GTMSessionFetcher
    - leveldb-library
    - nanopb
    - PromisesObjC
    - RecaptchaInterop

EXTERNAL SOURCES:
  appinio_social_share:
    :path: ".symlinks/plugins/appinio_social_share/ios"
  cloud_firestore:
    :path: ".symlinks/plugins/cloud_firestore/ios"
  firebase_auth:
    :path: ".symlinks/plugins/firebase_auth/ios"
  firebase_core:
    :path: ".symlinks/plugins/firebase_core/ios"
  FirebaseFirestore:
    :git: https://github.com/invertase/firestore-ios-sdk-frameworks.git
    :tag: 12.4.0
  Flutter:
    :path: Flutter
  flutter_local_notifications:
    :path: ".symlinks/plugins/flutter_local_notifications/ios"
  flutter_secure_storage:
    :path: ".symlinks/plugins/flutter_secure_storage/ios"
  gal:
    :path: ".symlinks/plugins/gal/darwin"
  google_sign_in_ios:
    :path: ".symlinks/plugins/google_sign_in_ios/darwin"
  kakao_flutter_sdk_common:
    :path: ".symlinks/plugins/kakao_flutter_sdk_common/ios"
  path_provider_foundation:
    :path: ".symlinks/plugins/path_provider_foundation/darwin"
  share_plus:
    :path: ".symlinks/plugins/share_plus/ios"
  shared_preferences_foundation:
    :path: ".symlinks/plugins/shared_preferences_foundation/darwin"
  sign_in_with_apple:
    :path: ".symlinks/plugins/sign_in_with_apple/ios"
  webview_flutter_wkwebview:
    :path: ".symlinks/plugins/webview_flutter_wkwebview/darwin"

CHECKOUT OPTIONS:
  FirebaseFirestore:
    :git: https://github.com/invertase/firestore-ios-sdk-frameworks.git
    :tag: 12.4.0

SPEC CHECKSUMS:
  AppAuth: d4f13a8fe0baf391b2108511793e4b479691fb73
  AppCheckCore: cc8fd0a3a230ddd401f326489c99990b013f0c4f
  appinio_social_share: 25605b916b5a35606a7f2ba8153d0218a4c0282e
  cloud_firestore: 7a6d8a533ec7418a7fe46b3a5dabf55661a5b298
  FBAEMKit: 619f96ea65427e8afca240d5b0f4703738dfdf5c
  FBSDKCoreKit: a5f384db2e9ee84e98494fed8f983d2bd79accff
  FBSDKCoreKit_Basics: d35c775aaf243a2d731dfae7be3a74b1987285ab
  FBSDKShareKit: e7ec3bed8e82dabc04e56f3cf44ef99a1864309e
  Firebase: f07b15ae5a6ec0f93713e30b923d9970d144af3e
  firebase_auth: 9225db04db5d8e3b46dc8940e04bc6aec6833e27
  firebase_core: f1aafb21c14f497e5498f7ffc4dc63cbb52b2594
  FirebaseAppCheckInterop: f734c802f21fe1da0837708f0f9a27218c8a4ed0
  FirebaseAuth: 4a2aed737c84114a9d9b33d11ae1b147d6b94889
  FirebaseAuthInterop: 858e6b754966e70740a4370dd1503dfffe6dbb49
  FirebaseCore: bb595f3114953664e3c1dc032f008a244147cfd3
  FirebaseCoreExtension: 7e1f7118ee970e001a8013719fb90950ee5e0018
  FirebaseCoreInternal: d7f5a043c2cd01a08103ab586587c1468047bca6
  FirebaseFirestore: 5fa679a528af694e2a13f1129390e9d26e45cdbc
  FirebaseFirestoreAbseilBinary: 4cfa8823cedc1b774843e04fe578ad279b387f97
  FirebaseFirestoreBinary: 597b166241200acda2ff1057e6c258332d4f601f
  FirebaseFirestoreGRPCBoringSSLBinary: c3dfef3ff448ae2c1c85f9baf9fac5afc4db99fa
  FirebaseFirestoreGRPCCoreBinary: 565534e160a0415d12185f7f171c52a567382fbd
  FirebaseFirestoreGRPCCPPBinary: 6c0134e8d230ee58b9d51dec2a30a48efd6d5dc7
  FirebaseFirestoreInternalBinary: a8b8c76b1d98d2c7f7c94015f1558f07727ce149
  FirebaseSharedSwift: 93426a1de92f19e1199fac5295a4f8df16458daa
  Flutter: cabc95a1d2626b1b06e7179b784ebcf0c0cde467
  flutter_local_notifications: 395056b3175ba4f08480a7c5de30cd36d69827e4
  flutter_secure_storage: 1ed9476fba7e7a782b22888f956cce43e2c62f13
  gal: baecd024ebfd13c441269ca7404792a7152fde89
  google_sign_in_ios: b48bb9af78576358a168361173155596c845f0b9
  GoogleSignIn: ce8c89bb9b37fb624b92e7514cc67335d1e277e4
  GoogleUtilities: 00c88b9a86066ef77f0da2fab05f65d7768ed8e1
  GTMAppAuth: f69bd07d68cd3b766125f7e072c45d7340dea0de
  GTMSessionFetcher: 5aea5ba6bd522a239e236100971f10cb71b96ab6
  kakao_flutter_sdk_common: 682b3606698f87467788598dc2dc09d4e6867fbd
  leveldb-library: cc8b8f8e013647a295ad3f8cd2ddf49a6f19be19
  nanopb: fad817b59e0457d11a5dfbde799381cd727c1275
  path_provider_foundation: bb55f6dbba17d0dccd6737fe6f7f34fbd0376880
  PromisesObjC: f5707f49cb48b9636751c5b2e7d227e43fba9f47
  RecaptchaInterop: 11e0b637842dfb48308d242afc3f448062325aba
  share_plus: 50da8cb520a8f0f65671c6c6a99b3617ed10a58a
  shared_preferences_foundation: 7036424c3d8ec98dfe75ff1667cb0cd531ec82bb
  sign_in_with_apple: c5dcc141574c8c54d5ac99dd2163c0c72ad22418
  webview_flutter_wkwebview: 8ebf4fded22593026f7dbff1fbff31ea98573c8d

PODFILE CHECKSUM: 0a20e861c90dc3f51fa9fe7e3950f00d710b0f07

COCOAPODS: 1.16.2
